// !$*UTF8*$!
{
	archiveVersion = 1;
	classes = {
	};
	objectVersion = 55;
	objects = {

/* Begin PBXBuildFile section */
		BD3CEFB428ABE71200FAE885 /* AppDelegate.swift in Sources */ = {isa = PBXBuildFile; fileRef = BD3CEFB328ABE71200FAE885 /* AppDelegate.swift */; };
		BD3CEFB628ABE71200FAE885 /* SceneDelegate.swift in Sources */ = {isa = PBXBuildFile; fileRef = BD3CEFB528ABE71200FAE885 /* SceneDelegate.swift */; };
		BD3CEFB828ABE71200FAE885 /* ViewController.swift in Sources */ = {isa = PBXBuildFile; fileRef = BD3CEFB728ABE71200FAE885 /* ViewController.swift */; };
		BD3CEFBB28ABE71200FAE885 /* Main.storyboard in Resources */ = {isa = PBXBuildFile; fileRef = BD3CEFB928ABE71200FAE885 /* Main.storyboard */; };
		BD3CEFBE28ABE71200FAE885 /* camera_DisplayPhoto.xcdatamodeld in Sources */ = {isa = PBXBuildFile; fileRef = BD3CEFBC28ABE71200FAE885 /* camera_DisplayPhoto.xcdatamodeld */; };
		BD3CEFC028ABE71300FAE885 /* Assets.xcassets in Resources */ = {isa = PBXBuildFile; fileRef = BD3CEFBF28ABE71300FAE885 /* Assets.xcassets */; };
		BD3CEFC328ABE71300FAE885 /* LaunchScreen.storyboard in Resources */ = {isa = PBXBuildFile; fileRef = BD3CEFC128ABE71300FAE885 /* LaunchScreen.storyboard */; };
		BD3CEFCE28ABE71300FAE885 /* camera_DisplayPhotoTests.swift in Sources */ = {isa = PBXBuildFile; fileRef = BD3CEFCD28ABE71300FAE885 /* camera_DisplayPhotoTests.swift */; };
		BD3CEFD828ABE71300FAE885 /* camera_DisplayPhotoUITests.swift in Sources */ = {isa = PBXBuildFile; fileRef = BD3CEFD728ABE71300FAE885 /* camera_DisplayPhotoUITests.swift */; };
		BD3CEFDA28ABE71300FAE885 /* camera_DisplayPhotoUITestsLaunchTests.swift in Sources */ = {isa = PBXBuildFile; fileRef = BD3CEFD928ABE71300FAE885 /* camera_DisplayPhotoUITestsLaunchTests.swift */; };
/* End PBXBuildFile section */

/* Begin PBXContainerItemProxy section */
		BD3CEFCA28ABE71300FAE885 /* PBXContainerItemProxy */ = {
			isa = PBXContainerItemProxy;
			containerPortal = BD3CEFA828ABE71200FAE885 /* Project object */;
			proxyType = 1;
			remoteGlobalIDString = BD3CEFAF28ABE71200FAE885;
			remoteInfo = "camera&DisplayPhoto";
		};
		BD3CEFD428ABE71300FAE885 /* PBXContainerItemProxy */ = {
			isa = PBXContainerItemProxy;
			containerPortal = BD3CEFA828ABE71200FAE885 /* Project object */;
			proxyType = 1;
			remoteGlobalIDString = BD3CEFAF28ABE71200FAE885;
			remoteInfo = "camera&DisplayPhoto";
		};
/* End PBXContainerItemProxy section */

/* Begin PBXFileReference section */
		BD3CEFB028ABE71200FAE885 /* camera&DisplayPhoto.app */ = {isa = PBXFileReference; explicitFileType = wrapper.application; includeInIndex = 0; path = "camera&DisplayPhoto.app"; sourceTree = BUILT_PRODUCTS_DIR; };
		BD3CEFB328ABE71200FAE885 /* AppDelegate.swift */ = {isa = PBXFileReference; lastKnownFileType = sourcecode.swift; path = AppDelegate.swift; sourceTree = "<group>"; };
		BD3CEFB528ABE71200FAE885 /* SceneDelegate.swift */ = {isa = PBXFileReference; lastKnownFileType = sourcecode.swift; path = SceneDelegate.swift; sourceTree = "<group>"; };
		BD3CEFB728ABE71200FAE885 /* ViewController.swift */ = {isa = PBXFileReference; lastKnownFileType = sourcecode.swift; path = ViewController.swift; sourceTree = "<group>"; };
		BD3CEFBA28ABE71200FAE885 /* Base */ = {isa = PBXFileReference; lastKnownFileType = file.storyboard; name = Base; path = Base.lproj/Main.storyboard; sourceTree = "<group>"; };
		BD3CEFBD28ABE71200FAE885 /* camera_DisplayPhoto.xcdatamodel */ = {isa = PBXFileReference; lastKnownFileType = wrapper.xcdatamodel; path = camera_DisplayPhoto.xcdatamodel; sourceTree = "<group>"; };
		BD3CEFBF28ABE71300FAE885 /* Assets.xcassets */ = {isa = PBXFileReference; lastKnownFileType = folder.assetcatalog; path = Assets.xcassets; sourceTree = "<group>"; };
		BD3CEFC228ABE71300FAE885 /* Base */ = {isa = PBXFileReference; lastKnownFileType = file.storyboard; name = Base; path = Base.lproj/LaunchScreen.storyboard; sourceTree = "<group>"; };
		BD3CEFC428ABE71300FAE885 /* Info.plist */ = {isa = PBXFileReference; lastKnownFileType = text.plist.xml; path = Info.plist; sourceTree = "<group>"; };
		BD3CEFC928ABE71300FAE885 /* camera&DisplayPhotoTests.xctest */ = {isa = PBXFileReference; explicitFileType = wrapper.cfbundle; includeInIndex = 0; path = "camera&DisplayPhotoTests.xctest"; sourceTree = BUILT_PRODUCTS_DIR; };
		BD3CEFCD28ABE71300FAE885 /* camera_DisplayPhotoTests.swift */ = {isa = PBXFileReference; lastKnownFileType = sourcecode.swift; path = camera_DisplayPhotoTests.swift; sourceTree = "<group>"; };
		BD3CEFD328ABE71300FAE885 /* camera&DisplayPhotoUITests.xctest */ = {isa = PBXFileReference; explicitFileType = wrapper.cfbundle; includeInIndex = 0; path = "camera&DisplayPhotoUITests.xctest"; sourceTree = BUILT_PRODUCTS_DIR; };
		BD3CEFD728ABE71300FAE885 /* camera_DisplayPhotoUITests.swift */ = {isa = PBXFileReference; lastKnownFileType = sourcecode.swift; path = camera_DisplayPhotoUITests.swift; sourceTree = "<group>"; };
		BD3CEFD928ABE71300FAE885 /* camera_DisplayPhotoUITestsLaunchTests.swift */ = {isa = PBXFileReference; lastKnownFileType = sourcecode.swift; path = camera_DisplayPhotoUITestsLaunchTests.swift; sourceTree = "<group>"; };
/* End PBXFileReference section */

/* Begin PBXFrameworksBuildPhase section */
		BD3CEFAD28ABE71200FAE885 /* Frameworks */ = {
			isa = PBXFrameworksBuildPhase;
			buildActionMask = 2147483647;
			files = (
			);
			runOnlyForDeploymentPostprocessing = 0;
		};
		BD3CEFC628ABE71300FAE885 /* Frameworks */ = {
			isa = PBXFrameworksBuildPhase;
			buildActionMask = 2147483647;
			files = (
			);
			runOnlyForDeploymentPostprocessing = 0;
		};
		BD3CEFD028ABE71300FAE885 /* Frameworks */ = {
			isa = PBXFrameworksBuildPhase;
			buildActionMask = 2147483647;
			files = (
			);
			runOnlyForDeploymentPostprocessing = 0;
		};
/* End PBXFrameworksBuildPhase section */

/* Begin PBXGroup section */
		BD3CEFA728ABE71200FAE885 = {
			isa = PBXGroup;
			children = (
				BD3CEFB228ABE71200FAE885 /* camera&DisplayPhoto */,
				BD3CEFCC28ABE71300FAE885 /* camera&DisplayPhotoTests */,
				BD3CEFD628ABE71300FAE885 /* camera&DisplayPhotoUITests */,
				BD3CEFB128ABE71200FAE885 /* Products */,
			);
			sourceTree = "<group>";
		};
		BD3CEFB128ABE71200FAE885 /* Products */ = {
			isa = PBXGroup;
			children = (
				BD3CEFB028ABE71200FAE885 /* camera&DisplayPhoto.app */,
				BD3CEFC928ABE71300FAE885 /* camera&DisplayPhotoTests.xctest */,
				BD3CEFD328ABE71300FAE885 /* camera&DisplayPhotoUITests.xctest */,
			);
			name = Products;
			sourceTree = "<group>";
		};
		BD3CEFB228ABE71200FAE885 /* camera&DisplayPhoto */ = {
			isa = PBXGroup;
			children = (
				BD3CEFB328ABE71200FAE885 /* AppDelegate.swift */,
				BD3CEFB528ABE71200FAE885 /* SceneDelegate.swift */,
				BD3CEFB728ABE71200FAE885 /* ViewController.swift */,
				BD3CEFB928ABE71200FAE885 /* Main.storyboard */,
				BD3CEFBF28ABE71300FAE885 /* Assets.xcassets */,
				BD3CEFC128ABE71300FAE885 /* LaunchScreen.storyboard */,
				BD3CEFC428ABE71300FAE885 /* Info.plist */,
				BD3CEFBC28ABE71200FAE885 /* camera_DisplayPhoto.xcdatamodeld */,
			);
			path = "camera&DisplayPhoto";
			sourceTree = "<group>";
		};
		BD3CEFCC28ABE71300FAE885 /* camera&DisplayPhotoTests */ = {
			isa = PBXGroup;
			children = (
				BD3CEFCD28ABE71300FAE885 /* camera_DisplayPhotoTests.swift */,
			);
			path = "camera&DisplayPhotoTests";
			sourceTree = "<group>";
		};
		BD3CEFD628ABE71300FAE885 /* camera&DisplayPhotoUITests */ = {
			isa = PBXGroup;
			children = (
				BD3CEFD728ABE71300FAE885 /* camera_DisplayPhotoUITests.swift */,
				BD3CEFD928ABE71300FAE885 /* camera_DisplayPhotoUITestsLaunchTests.swift */,
			);
			path = "camera&DisplayPhotoUITests";
			sourceTree = "<group>";
		};
/* End PBXGroup section */

/* Begin PBXNativeTarget section */
		BD3CEFAF28ABE71200FAE885 /* camera&DisplayPhoto */ = {
			isa = PBXNativeTarget;
			buildConfigurationList = BD3CEFDD28ABE71300FAE885 /* Build configuration list for PBXNativeTarget "camera&DisplayPhoto" */;
			buildPhases = (
				BD3CEFAC28ABE71200FAE885 /* Sources */,
				BD3CEFAD28ABE71200FAE885 /* Frameworks */,
				BD3CEFAE28ABE71200FAE885 /* Resources */,
			);
			buildRules = (
			);
			dependencies = (
			);
			name = "camera&DisplayPhoto";
			productName = "camera&DisplayPhoto";
			productReference = BD3CEFB028ABE71200FAE885 /* camera&DisplayPhoto.app */;
			productType = "com.apple.product-type.application";
		};
		BD3CEFC828ABE71300FAE885 /* camera&DisplayPhotoTests */ = {
			isa = PBXNativeTarget;
			buildConfigurationList = BD3CEFE028ABE71300FAE885 /* Build configuration list for PBXNativeTarget "camera&DisplayPhotoTests" */;
			buildPhases = (
				BD3CEFC528ABE71300FAE885 /* Sources */,
				BD3CEFC628ABE71300FAE885 /* Frameworks */,
				BD3CEFC728ABE71300FAE885 /* Resources */,
			);
			buildRules = (
			);
			dependencies = (
				BD3CEFCB28ABE71300FAE885 /* PBXTargetDependency */,
			);
			name = "camera&DisplayPhotoTests";
			productName = "camera&DisplayPhotoTests";
			productReference = BD3CEFC928ABE71300FAE885 /* camera&DisplayPhotoTests.xctest */;
			productType = "com.apple.product-type.bundle.unit-test";
		};
		BD3CEFD228ABE71300FAE885 /* camera&DisplayPhotoUITests */ = {
			isa = PBXNativeTarget;
			buildConfigurationList = BD3CEFE328ABE71300FAE885 /* Build configuration list for PBXNativeTarget "camera&DisplayPhotoUITests" */;
			buildPhases = (
				BD3CEFCF28ABE71300FAE885 /* Sources */,
				BD3CEFD028ABE71300FAE885 /* Frameworks */,
				BD3CEFD128ABE71300FAE885 /* Resources */,
			);
			buildRules = (
			);
			dependencies = (
				BD3CEFD528ABE71300FAE885 /* PBXTargetDependency */,
			);
			name = "camera&DisplayPhotoUITests";
			productName = "camera&DisplayPhotoUITests";
			productReference = BD3CEFD328ABE71300FAE885 /* camera&DisplayPhotoUITests.xctest */;
			productType = "com.apple.product-type.bundle.ui-testing";
		};
/* End PBXNativeTarget section */

/* Begin PBXProject section */
		BD3CEFA828ABE71200FAE885 /* Project object */ = {
			isa = PBXProject;
			attributes = {
				BuildIndependentTargetsInParallel = 1;
				LastSwiftUpdateCheck = 1340;
				LastUpgradeCheck = 1340;
				TargetAttributes = {
					BD3CEFAF28ABE71200FAE885 = {
						CreatedOnToolsVersion = 13.4.1;
					};
					BD3CEFC828ABE71300FAE885 = {
						CreatedOnToolsVersion = 13.4.1;
						TestTargetID = BD3CEFAF28ABE71200FAE885;
					};
					BD3CEFD228ABE71300FAE885 = {
						CreatedOnToolsVersion = 13.4.1;
						TestTargetID = BD3CEFAF28ABE71200FAE885;
					};
				};
			};
			buildConfigurationList = BD3CEFAB28ABE71200FAE885 /* Build configuration list for PBXProject "camera&DisplayPhoto" */;
			compatibilityVersion = "Xcode 13.0";
			developmentRegion = en;
			hasScannedForEncodings = 0;
			knownRegions = (
				en,
				Base,
			);
			mainGroup = BD3CEFA728ABE71200FAE885;
			productRefGroup = BD3CEFB128ABE71200FAE885 /* Products */;
			projectDirPath = "";
			projectRoot = "";
			targets = (
				BD3CEFAF28ABE71200FAE885 /* camera&DisplayPhoto */,
				BD3CEFC828ABE71300FAE885 /* camera&DisplayPhotoTests */,
				BD3CEFD228ABE71300FAE885 /* camera&DisplayPhotoUITests */,
			);
		};
/* End PBXProject section */

/* Begin PBXResourcesBuildPhase section */
		BD3CEFAE28ABE71200FAE885 /* Resources */ = {
			isa = PBXResourcesBuildPhase;
			buildActionMask = 2147483647;
			files = (
				BD3CEFC328ABE71300FAE885 /* LaunchScreen.storyboard in Resources */,
				BD3CEFC028ABE71300FAE885 /* Assets.xcassets in Resources */,
				BD3CEFBB28ABE71200FAE885 /* Main.storyboard in Resources */,
			);
			runOnlyForDeploymentPostprocessing = 0;
		};
		BD3CEFC728ABE71300FAE885 /* Resources */ = {
			isa = PBXResourcesBuildPhase;
			buildActionMask = 2147483647;
			files = (
			);
			runOnlyForDeploymentPostprocessing = 0;
		};
		BD3CEFD128ABE71300FAE885 /* Resources */ = {
			isa = PBXResourcesBuildPhase;
			buildActionMask = 2147483647;
			files = (
			);
			runOnlyForDeploymentPostprocessing = 0;
		};
/* End PBXResourcesBuildPhase section */

/* Begin PBXSourcesBuildPhase section */
		BD3CEFAC28ABE71200FAE885 /* Sources */ = {
			isa = PBXSourcesBuildPhase;
			buildActionMask = 2147483647;
			files = (
				BD3CEFBE28ABE71200FAE885 /* camera_DisplayPhoto.xcdatamodeld in Sources */,
				BD3CEFB828ABE71200FAE885 /* ViewController.swift in Sources */,
				BD3CEFB428ABE71200FAE885 /* AppDelegate.swift in Sources */,
				BD3CEFB628ABE71200FAE885 /* SceneDelegate.swift in Sources */,
			);
			runOnlyForDeploymentPostprocessing = 0;
		};
		BD3CEFC528ABE71300FAE885 /* Sources */ = {
			isa = PBXSourcesBuildPhase;
			buildActionMask = 2147483647;
			files = (
				BD3CEFCE28ABE71300FAE885 /* camera_DisplayPhotoTests.swift in Sources */,
			);
			runOnlyForDeploymentPostprocessing = 0;
		};
		BD3CEFCF28ABE71300FAE885 /* Sources */ = {
			isa = PBXSourcesBuildPhase;
			buildActionMask = 2147483647;
			files = (
				BD3CEFD828ABE71300FAE885 /* camera_DisplayPhotoUITests.swift in Sources */,
				BD3CEFDA28ABE71300FAE885 /* camera_DisplayPhotoUITestsLaunchTests.swift in Sources */,
			);
			runOnlyForDeploymentPostprocessing = 0;
		};
/* End PBXSourcesBuildPhase section */

/* Begin PBXTargetDependency section */
		BD3CEFCB28ABE71300FAE885 /* PBXTargetDependency */ = {
			isa = PBXTargetDependency;
			target = BD3CEFAF28ABE71200FAE885 /* camera&DisplayPhoto */;
			targetProxy = BD3CEFCA28ABE71300FAE885 /* PBXContainerItemProxy */;
		};
		BD3CEFD528ABE71300FAE885 /* PBXTargetDependency */ = {
			isa = PBXTargetDependency;
			target = BD3CEFAF28ABE71200FAE885 /* camera&DisplayPhoto */;
			targetProxy = BD3CEFD428ABE71300FAE885 /* PBXContainerItemProxy */;
		};
/* End PBXTargetDependency section */

/* Begin PBXVariantGroup section */
		BD3CEFB928ABE71200FAE885 /* Main.storyboard */ = {
			isa = PBXVariantGroup;
			children = (
				BD3CEFBA28ABE71200FAE885 /* Base */,
			);
			name = Main.storyboard;
			sourceTree = "<group>";
		};
		BD3CEFC128ABE71300FAE885 /* LaunchScreen.storyboard */ = {
			isa = PBXVariantGroup;
			children = (
				BD3CEFC228ABE71300FAE885 /* Base */,
			);
			name = LaunchScreen.storyboard;
			sourceTree = "<group>";
		};
/* End PBXVariantGroup section */

/* Begin XCBuildConfiguration section */
		BD3CEFDB28ABE71300FAE885 /* Debug */ = {
			isa = XCBuildConfiguration;
			buildSettings = {
				ALWAYS_SEARCH_USER_PATHS = NO;
				CLANG_ANALYZER_NONNULL = YES;
				CLANG_ANALYZER_NUMBER_OBJECT_CONVERSION = YES_AGGRESSIVE;
				CLANG_CXX_LANGUAGE_STANDARD = "gnu++17";
				CLANG_ENABLE_MODULES = YES;
				CLANG_ENABLE_OBJC_ARC = YES;
				CLANG_ENABLE_OBJC_WEAK = YES;
				CLANG_WARN_BLOCK_CAPTURE_AUTORELEASING = YES;
				CLANG_WARN_BOOL_CONVERSION = YES;
				CLANG_WARN_COMMA = YES;
				CLANG_WARN_CONSTANT_CONVERSION = YES;
				CLANG_WARN_DEPRECATED_OBJC_IMPLEMENTATIONS = YES;
				CLANG_WARN_DIRECT_OBJC_ISA_USAGE = YES_ERROR;
				CLANG_WARN_DOCUMENTATION_COMMENTS = YES;
				CLANG_WARN_EMPTY_BODY = YES;
				CLANG_WARN_ENUM_CONVERSION = YES;
				CLANG_WARN_INFINITE_RECURSION = YES;
				CLANG_WARN_INT_CONVERSION = YES;
				CLANG_WARN_NON_LITERAL_NULL_CONVERSION = YES;
				CLANG_WARN_OBJC_IMPLICIT_RETAIN_SELF = YES;
				CLANG_WARN_OBJC_LITERAL_CONVERSION = YES;
				CLANG_WARN_OBJC_ROOT_CLASS = YES_ERROR;
				CLANG_WARN_QUOTED_INCLUDE_IN_FRAMEWORK_HEADER = YES;
				CLANG_WARN_RANGE_LOOP_ANALYSIS = YES;
				CLANG_WARN_STRICT_PROTOTYPES = YES;
				CLANG_WARN_SUSPICIOUS_MOVE = YES;
				CLANG_WARN_UNGUARDED_AVAILABILITY = YES_AGGRESSIVE;
				CLANG_WARN_UNREACHABLE_CODE = YES;
				CLANG_WARN__DUPLICATE_METHOD_MATCH = YES;
				COPY_PHASE_STRIP = NO;
				DEBUG_INFORMATION_FORMAT = dwarf;
				ENABLE_STRICT_OBJC_MSGSEND = YES;
				ENABLE_TESTABILITY = YES;
				GCC_C_LANGUAGE_STANDARD = gnu11;
				GCC_DYNAMIC_NO_PIC = NO;
				GCC_NO_COMMON_BLOCKS = YES;
				GCC_OPTIMIZATION_LEVEL = 0;
				GCC_PREPROCESSOR_DEFINITIONS = (
					"DEBUG=1",
					"$(inherited)",
				);
				GCC_WARN_64_TO_32_BIT_CONVERSION = YES;
				GCC_WARN_ABOUT_RETURN_TYPE = YES_ERROR;
				GCC_WARN_UNDECLARED_SELECTOR = YES;
				GCC_WARN_UNINITIALIZED_AUTOS = YES_AGGRESSIVE;
				GCC_WARN_UNUSED_FUNCTION = YES;
				GCC_WARN_UNUSED_VARIABLE = YES;
				IPHONEOS_DEPLOYMENT_TARGET = 15.5;
				MTL_ENABLE_DEBUG_INFO = INCLUDE_SOURCE;
				MTL_FAST_MATH = YES;
				ONLY_ACTIVE_ARCH = YES;
				SDKROOT = iphoneos;
				SWIFT_ACTIVE_COMPILATION_CONDITIONS = DEBUG;
				SWIFT_OPTIMIZATION_LEVEL = "-Onone";
			};
			name = Debug;
		};
		BD3CEFDC28ABE71300FAE885 /* Release */ = {
			isa = XCBuildConfiguration;
			buildSettings = {
				ALWAYS_SEARCH_USER_PATHS = NO;
				CLANG_ANALYZER_NONNULL = YES;
				CLANG_ANALYZER_NUMBER_OBJECT_CONVERSION = YES_AGGRESSIVE;
				CLANG_CXX_LANGUAGE_STANDARD = "gnu++17";
				CLANG_ENABLE_MODULES = YES;
				CLANG_ENABLE_OBJC_ARC = YES;
				CLANG_ENABLE_OBJC_WEAK = YES;
				CLANG_WARN_BLOCK_CAPTURE_AUTORELEASING = YES;
				CLANG_WARN_BOOL_CONVERSION = YES;
				CLANG_WARN_COMMA = YES;
				CLANG_WARN_CONSTANT_CONVERSION = YES;
				CLANG_WARN_DEPRECATED_OBJC_IMPLEMENTATIONS = YES;
				CLANG_WARN_DIRECT_OBJC_ISA_USAGE = YES_ERROR;
				CLANG_WARN_DOCUMENTATION_COMMENTS = YES;
				CLANG_WARN_EMPTY_BODY = YES;
				CLANG_WARN_ENUM_CONVERSION = YES;
				CLANG_WARN_INFINITE_RECURSION = YES;
				CLANG_WARN_INT_CONVERSION = YES;
				CLANG_WARN_NON_LITERAL_NULL_CONVERSION = YES;
				CLANG_WARN_OBJC_IMPLICIT_RETAIN_SELF = YES;
				CLANG_WARN_OBJC_LITERAL_CONVERSION = YES;
				CLANG_WARN_OBJC_ROOT_CLASS = YES_ERROR;
				CLANG_WARN_QUOTED_INCLUDE_IN_FRAMEWORK_HEADER = YES;
				CLANG_WARN_RANGE_LOOP_ANALYSIS = YES;
				CLANG_WARN_STRICT_PROTOTYPES = YES;
				CLANG_WARN_SUSPICIOUS_MOVE = YES;
				CLANG_WARN_UNGUARDED_AVAILABILITY = YES_AGGRESSIVE;
				CLANG_WARN_UNREACHABLE_CODE = YES;
				CLANG_WARN__DUPLICATE_METHOD_MATCH = YES;
				COPY_PHASE_STRIP = NO;
				DEBUG_INFORMATION_FORMAT = "dwarf-with-dsym";
				ENABLE_NS_ASSERTIONS = NO;
				ENABLE_STRICT_OBJC_MSGSEND = YES;
				GCC_C_LANGUAGE_STANDARD = gnu11;
				GCC_NO_COMMON_BLOCKS = YES;
				GCC_WARN_64_TO_32_BIT_CONVERSION = YES;
				GCC_WARN_ABOUT_RETURN_TYPE = YES_ERROR;
				GCC_WARN_UNDECLARED_SELECTOR = YES;
				GCC_WARN_UNINITIALIZED_AUTOS = YES_AGGRESSIVE;
				GCC_WARN_UNUSED_FUNCTION = YES;
				GCC_WARN_UNUSED_VARIABLE = YES;
				IPHONEOS_DEPLOYMENT_TARGET = 15.5;
				MTL_ENABLE_DEBUG_INFO = NO;
				MTL_FAST_MATH = YES;
				SDKROOT = iphoneos;
				SWIFT_COMPILATION_MODE = wholemodule;
				SWIFT_OPTIMIZATION_LEVEL = "-O";
				VALIDATE_PRODUCT = YES;
			};
			name = Release;
		};
		BD3CEFDE28ABE71300FAE885 /* Debug */ = {
			isa = XCBuildConfiguration;
			buildSettings = {
				ASSETCATALOG_COMPILER_APPICON_NAME = AppIcon;
				ASSETCATALOG_COMPILER_GLOBAL_ACCENT_COLOR_NAME = AccentColor;
				CODE_SIGN_STYLE = Automatic;
				CURRENT_PROJECT_VERSION = 1;
				GENERATE_INFOPLIST_FILE = YES;
				INFOPLIST_FILE = "camera&DisplayPhoto/Info.plist";
				INFOPLIST_KEY_UIApplicationSupportsIndirectInputEvents = YES;
				INFOPLIST_KEY_UILaunchStoryboardName = LaunchScreen;
				INFOPLIST_KEY_UIMainStoryboardFile = Main;
				INFOPLIST_KEY_UISupportedInterfaceOrientations_iPad = "UIInterfaceOrientationPortrait UIInterfaceOrientationPortraitUpsideDown UIInterfaceOrientationLandscapeLeft UIInterfaceOrientationLandscapeRight";
				INFOPLIST_KEY_UISupportedInterfaceOrientations_iPhone = "UIInterfaceOrientationPortrait UIInterfaceOrientationLandscapeLeft UIInterfaceOrientationLandscapeRight";
				LD_RUNPATH_SEARCH_PATHS = (
					"$(inherited)",
					"@executable_path/Frameworks",
				);
				MARKETING_VERSION = 1.0;
				PRODUCT_BUNDLE_IDENTIFIER = "Mayesha.camera-DisplayPhoto";
				PRODUCT_NAME = "$(TARGET_NAME)";
				SWIFT_EMIT_LOC_STRINGS = YES;
				SWIFT_VERSION = 5.0;
				TARGETED_DEVICE_FAMILY = "1,2";
			};
			name = Debug;
		};
		BD3CEFDF28ABE71300FAE885 /* Release */ = {
			isa = XCBuildConfiguration;
			buildSettings = {
				ASSETCATALOG_COMPILER_APPICON_NAME = AppIcon;
				ASSETCATALOG_COMPILER_GLOBAL_ACCENT_COLOR_NAME = AccentColor;
				CODE_SIGN_STYLE = Automatic;
				CURRENT_PROJECT_VERSION = 1;
				GENERATE_INFOPLIST_FILE = YES;
				INFOPLIST_FILE = "camera&DisplayPhoto/Info.plist";
				INFOPLIST_KEY_UIApplicationSupportsIndirectInputEvents = YES;
				INFOPLIST_KEY_UILaunchStoryboardName = LaunchScreen;
				INFOPLIST_KEY_UIMainStoryboardFile = Main;
				INFOPLIST_KEY_UISupportedInterfaceOrientations_iPad = "UIInterfaceOrientationPortrait UIInterfaceOrientationPortraitUpsideDown UIInterfaceOrientationLandscapeLeft UIInterfaceOrientationLandscapeRight";
				INFOPLIST_KEY_UISupportedInterfaceOrientations_iPhone = "UIInterfaceOrientationPortrait UIInterfaceOrientationLandscapeLeft UIInterfaceOrientationLandscapeRight";
				LD_RUNPATH_SEARCH_PATHS = (
					"$(inherited)",
					"@executable_path/Frameworks",
				);
				MARKETING_VERSION = 1.0;
				PRODUCT_BUNDLE_IDENTIFIER = "Mayesha.camera-DisplayPhoto";
				PRODUCT_NAME = "$(TARGET_NAME)";
				SWIFT_EMIT_LOC_STRINGS = YES;
				SWIFT_VERSION = 5.0;
				TARGETED_DEVICE_FAMILY = "1,2";
			};
			name = Release;
		};
		BD3CEFE128ABE71300FAE885 /* Debug */ = {
			isa = XCBuildConfiguration;
			buildSettings = {
				ALWAYS_EMBED_SWIFT_STANDARD_LIBRARIES = YES;
				BUNDLE_LOADER = "$(TEST_HOST)";
				CODE_SIGN_STYLE = Automatic;
				CURRENT_PROJECT_VERSION = 1;
				GENERATE_INFOPLIST_FILE = YES;
				IPHONEOS_DEPLOYMENT_TARGET = 15.5;
				MARKETING_VERSION = 1.0;
				PRODUCT_BUNDLE_IDENTIFIER = "Mayesha.camera-DisplayPhotoTests";
				PRODUCT_NAME = "$(TARGET_NAME)";
				SWIFT_EMIT_LOC_STRINGS = NO;
				SWIFT_VERSION = 5.0;
				TARGETED_DEVICE_FAMILY = "1,2";
				TEST_HOST = "$(BUILT_PRODUCTS_DIR)/camera&DisplayPhoto.app/camera&DisplayPhoto";
			};
			name = Debug;
		};
		BD3CEFE228ABE71300FAE885 /* Release */ = {
			isa = XCBuildConfiguration;
			buildSettings = {
				ALWAYS_EMBED_SWIFT_STANDARD_LIBRARIES = YES;
				BUNDLE_LOADER = "$(TEST_HOST)";
				CODE_SIGN_STYLE = Automatic;
				CURRENT_PROJECT_VERSION = 1;
				GENERATE_INFOPLIST_FILE = YES;
				IPHONEOS_DEPLOYMENT_TARGET = 15.5;
				MARKETING_VERSION = 1.0;
				PRODUCT_BUNDLE_IDENTIFIER = "Mayesha.camera-DisplayPhotoTests";
				PRODUCT_NAME = "$(TARGET_NAME)";
				SWIFT_EMIT_LOC_STRINGS = NO;
				SWIFT_VERSION = 5.0;
				TARGETED_DEVICE_FAMILY = "1,2";
				TEST_HOST = "$(BUILT_PRODUCTS_DIR)/camera&DisplayPhoto.app/camera&DisplayPhoto";
			};
			name = Release;
		};
		BD3CEFE428ABE71300FAE885 /* Debug */ = {
			isa = XCBuildConfiguration;
			buildSettings = {
				ALWAYS_EMBED_SWIFT_STANDARD_LIBRARIES = YES;
				CODE_SIGN_STYLE = Automatic;
				CURRENT_PROJECT_VERSION = 1;
				GENERATE_INFOPLIST_FILE = YES;
				MARKETING_VERSION = 1.0;
				PRODUCT_BUNDLE_IDENTIFIER = "Mayesha.camera-DisplayPhotoUITests";
				PRODUCT_NAME = "$(TARGET_NAME)";
				SWIFT_EMIT_LOC_STRINGS = NO;
				SWIFT_VERSION = 5.0;
				TARGETED_DEVICE_FAMILY = "1,2";
				TEST_TARGET_NAME = "camera&DisplayPhoto";
			};
			name = Debug;
		};
		BD3CEFE528ABE71300FAE885 /* Release */ = {
			isa = XCBuildConfiguration;
			buildSettings = {
				ALWAYS_EMBED_SWIFT_STANDARD_LIBRARIES = YES;
				CODE_SIGN_STYLE = Automatic;
				CURRENT_PROJECT_VERSION = 1;
				GENERATE_INFOPLIST_FILE = YES;
				MARKETING_VERSION = 1.0;
				PRODUCT_BUNDLE_IDENTIFIER = "Mayesha.camera-DisplayPhotoUITests";
				PRODUCT_NAME = "$(TARGET_NAME)";
				SWIFT_EMIT_LOC_STRINGS = NO;
				SWIFT_VERSION = 5.0;
				TARGETED_DEVICE_FAMILY = "1,2";
				TEST_TARGET_NAME = "camera&DisplayPhoto";
			};
			name = Release;
		};
/* End XCBuildConfiguration section */

/* Begin XCConfigurationList section */
		BD3CEFAB28ABE71200FAE885 /* Build configuration list for PBXProject "camera&DisplayPhoto" */ = {
			isa = XCConfigurationList;
			buildConfigurations = (
				BD3CEFDB28ABE71300FAE885 /* Debug */,
				BD3CEFDC28ABE71300FAE885 /* Release */,
			);
			defaultConfigurationIsVisible = 0;
			defaultConfigurationName = Release;
		};
		BD3CEFDD28ABE71300FAE885 /* Build configuration list for PBXNativeTarget "camera&DisplayPhoto" */ = {
			isa = XCConfigurationList;
			buildConfigurations = (
				BD3CEFDE28ABE71300FAE885 /* Debug */,
				BD3CEFDF28ABE71300FAE885 /* Release */,
			);
			defaultConfigurationIsVisible = 0;
			defaultConfigurationName = Release;
		};
		BD3CEFE028ABE71300FAE885 /* Build configuration list for PBXNativeTarget "camera&DisplayPhotoTests" */ = {
			isa = XCConfigurationList;
			buildConfigurations = (
				BD3CEFE128ABE71300FAE885 /* Debug */,
				BD3CEFE228ABE71300FAE885 /* Release */,
			);
			defaultConfigurationIsVisible = 0;
			defaultConfigurationName = Release;
		};
		BD3CEFE328ABE71300FAE885 /* Build configuration list for PBXNativeTarget "camera&DisplayPhotoUITests" */ = {
			isa = XCConfigurationList;
			buildConfigurations = (
				BD3CEFE428ABE71300FAE885 /* Debug */,
				BD3CEFE528ABE71300FAE885 /* Release */,
			);
			defaultConfigurationIsVisible = 0;
			defaultConfigurationName = Release;
		};
/* End XCConfigurationList section */

/* Begin XCVersionGroup section */
		BD3CEFBC28ABE71200FAE885 /* camera_DisplayPhoto.xcdatamodeld */ = {
			isa = XCVersionGroup;
			children = (
				BD3CEFBD28ABE71200FAE885 /* camera_DisplayPhoto.xcdatamodel */,
			);
			currentVersion = BD3CEFBD28ABE71200FAE885 /* camera_DisplayPhoto.xcdatamodel */;
			path = camera_DisplayPhoto.xcdatamodeld;
			sourceTree = "<group>";
			versionGroupType = wrapper.xcdatamodel;
		};
/* End XCVersionGroup section */
	};
	rootObject = BD3CEFA828ABE71200FAE885 /* Project object */;
}
